// !$*UTF8*$!
{
	archiveVersion = 1;
	classes = {
	};
	objectVersion = 56;
	objects = {

/* Begin PBXBuildFile section */
		FA73B0362BBCB305008E692A /* SpotifyiOS.framework in Frameworks */ = {isa = PBXBuildFile; fileRef = FAA383382BBCAD5E001F93A7 /* SpotifyiOS.framework */; };
		FA73B03C2BBCF512008E692A /* SpotifyManager.swift in Sources */ = {isa = PBXBuildFile; fileRef = FA73B03B2BBCF512008E692A /* SpotifyManager.swift */; };
		FA73B03E2BBD0DDE008E692A /* LandingView.swift in Sources */ = {isa = PBXBuildFile; fileRef = FA73B03D2BBD0DDE008E692A /* LandingView.swift */; };
		FAA3832E2BBCA243001F93A7 /* Constants.swift in Sources */ = {isa = PBXBuildFile; fileRef = FAA3832D2BBCA243001F93A7 /* Constants.swift */; };
		FAC125322BB5D91300323685 /* YoshMusicApp.swift in Sources */ = {isa = PBXBuildFile; fileRef = FAC125312BB5D91300323685 /* YoshMusicApp.swift */; };
		FAC125342BB5D91300323685 /* HomeScreen.swift in Sources */ = {isa = PBXBuildFile; fileRef = FAC125332BB5D91300323685 /* HomeScreen.swift */; };
		FAC125362BB5D91500323685 /* Assets.xcassets in Resources */ = {isa = PBXBuildFile; fileRef = FAC125352BB5D91500323685 /* Assets.xcassets */; };
		FAC125392BB5D91500323685 /* Preview Assets.xcassets in Resources */ = {isa = PBXBuildFile; fileRef = FAC125382BB5D91500323685 /* Preview Assets.xcassets */; };
		FAC125442BB5E41100323685 /* LoadingScreen.swift in Sources */ = {isa = PBXBuildFile; fileRef = FAC125432BB5E41100323685 /* LoadingScreen.swift */; };
		FAF00F822BDB076C009674E8 /* ArtistResponse.swift in Sources */ = {isa = PBXBuildFile; fileRef = FAF00F812BDB076C009674E8 /* ArtistResponse.swift */; };
		FAF00F852BDB0D09009674E8 /* TopKeyboard.swift in Sources */ = {isa = PBXBuildFile; fileRef = FAF00F842BDB0D09009674E8 /* TopKeyboard.swift */; };
		FAF00F872BDB0F44009674E8 /* ColourConstants.swift in Sources */ = {isa = PBXBuildFile; fileRef = FAF00F862BDB0F44009674E8 /* ColourConstants.swift */; };
		FAF00F8C2BDB16D3009674E8 /* FontStyle.swift in Sources */ = {isa = PBXBuildFile; fileRef = FAF00F8B2BDB16D3009674E8 /* FontStyle.swift */; };
		FAF00F8F2BDB23BD009674E8 /* ErrorResponse.swift in Sources */ = {isa = PBXBuildFile; fileRef = FAF00F8E2BDB23BD009674E8 /* ErrorResponse.swift */; };
		FAF00F992BE02D43009674E8 /* SearchManager.swift in Sources */ = {isa = PBXBuildFile; fileRef = FAF00F982BE02D43009674E8 /* SearchManager.swift */; };
		FAF00F9B2BE034E9009674E8 /* ArtistsCard.swift in Sources */ = {isa = PBXBuildFile; fileRef = FAF00F9A2BE034E8009674E8 /* ArtistsCard.swift */; };
		FAF00F9F2BE03E11009674E8 /* NavigationManager.swift in Sources */ = {isa = PBXBuildFile; fileRef = FAF00F9E2BE03E11009674E8 /* NavigationManager.swift */; };
		FAF00FA12BE05A28009674E8 /* ImageStyle.swift in Sources */ = {isa = PBXBuildFile; fileRef = FAF00FA02BE05A28009674E8 /* ImageStyle.swift */; };
		FAF00FA32BE06FE6009674E8 /* ArtistScreen.swift in Sources */ = {isa = PBXBuildFile; fileRef = FAF00FA22BE06FE6009674E8 /* ArtistScreen.swift */; };
		FAF00FA62BE17297009674E8 /* UserResponse.swift in Sources */ = {isa = PBXBuildFile; fileRef = FAF00FA52BE17297009674E8 /* UserResponse.swift */; };
		FAF00FA82BE173CF009674E8 /* Response.swift in Sources */ = {isa = PBXBuildFile; fileRef = FAF00FA72BE173CF009674E8 /* Response.swift */; };
		FAF00FAF2BE1B7A4009674E8 /* ArtistsContainer.xcdatamodeld in Sources */ = {isa = PBXBuildFile; fileRef = FAF00FAD2BE1B7A4009674E8 /* ArtistsContainer.xcdatamodeld */; };
		FAF00FB12BE1B930009674E8 /* DatabaseManager.swift in Sources */ = {isa = PBXBuildFile; fileRef = FAF00FB02BE1B930009674E8 /* DatabaseManager.swift */; };
		FAF00FB52BE1BEB0009674E8 /* ArtistsDatabase.swift in Sources */ = {isa = PBXBuildFile; fileRef = FAF00FB42BE1BEB0009674E8 /* ArtistsDatabase.swift */; };
/* End PBXBuildFile section */

/* Begin PBXFileReference section */
		FA73B03B2BBCF512008E692A /* SpotifyManager.swift */ = {isa = PBXFileReference; lastKnownFileType = sourcecode.swift; path = SpotifyManager.swift; sourceTree = "<group>"; };
		FA73B03D2BBD0DDE008E692A /* LandingView.swift */ = {isa = PBXFileReference; lastKnownFileType = sourcecode.swift; path = LandingView.swift; sourceTree = "<group>"; };
		FAA3832D2BBCA243001F93A7 /* Constants.swift */ = {isa = PBXFileReference; lastKnownFileType = sourcecode.swift; path = Constants.swift; sourceTree = "<group>"; };
		FAA383332BBCA960001F93A7 /* YoshMusic-Bridging-Header.h */ = {isa = PBXFileReference; lastKnownFileType = sourcecode.c.h; path = "YoshMusic-Bridging-Header.h"; sourceTree = "<group>"; };
		FAA383382BBCAD5E001F93A7 /* SpotifyiOS.framework */ = {isa = PBXFileReference; lastKnownFileType = wrapper.framework; path = SpotifyiOS.framework; sourceTree = "<group>"; };
		FAC125312BB5D91300323685 /* YoshMusicApp.swift */ = {isa = PBXFileReference; lastKnownFileType = sourcecode.swift; path = YoshMusicApp.swift; sourceTree = "<group>"; };
		FAC125332BB5D91300323685 /* HomeScreen.swift */ = {isa = PBXFileReference; lastKnownFileType = sourcecode.swift; path = HomeScreen.swift; sourceTree = "<group>"; };
		FAC125352BB5D91500323685 /* Assets.xcassets */ = {isa = PBXFileReference; lastKnownFileType = folder.assetcatalog; path = Assets.xcassets; sourceTree = "<group>"; };
		FAC125382BB5D91500323685 /* Preview Assets.xcassets */ = {isa = PBXFileReference; lastKnownFileType = folder.assetcatalog; path = "Preview Assets.xcassets"; sourceTree = "<group>"; };
		FAC125432BB5E41100323685 /* LoadingScreen.swift */ = {isa = PBXFileReference; lastKnownFileType = sourcecode.swift; path = LoadingScreen.swift; sourceTree = "<group>"; };
		FAF00F812BDB076C009674E8 /* ArtistResponse.swift */ = {isa = PBXFileReference; lastKnownFileType = sourcecode.swift; path = ArtistResponse.swift; sourceTree = "<group>"; };
		FAF00F842BDB0D09009674E8 /* TopKeyboard.swift */ = {isa = PBXFileReference; lastKnownFileType = sourcecode.swift; path = TopKeyboard.swift; sourceTree = "<group>"; };
		FAF00F862BDB0F44009674E8 /* ColourConstants.swift */ = {isa = PBXFileReference; lastKnownFileType = sourcecode.swift; path = ColourConstants.swift; sourceTree = "<group>"; };
		FAF00F8B2BDB16D3009674E8 /* FontStyle.swift */ = {isa = PBXFileReference; lastKnownFileType = sourcecode.swift; path = FontStyle.swift; sourceTree = "<group>"; };
		FAF00F8D2BDB17D6009674E8 /* YoshMusic.app */ = {isa = PBXFileReference; explicitFileType = wrapper.application; includeInIndex = 0; path = YoshMusic.app; sourceTree = BUILT_PRODUCTS_DIR; };
		FAF00F8E2BDB23BD009674E8 /* ErrorResponse.swift */ = {isa = PBXFileReference; lastKnownFileType = sourcecode.swift; path = ErrorResponse.swift; sourceTree = "<group>"; };
		FAF00F902BDB33A0009674E8 /* PrivacyInfo.xcprivacy */ = {isa = PBXFileReference; lastKnownFileType = text.xml; path = PrivacyInfo.xcprivacy; sourceTree = "<group>"; };
		FAF00F982BE02D43009674E8 /* SearchManager.swift */ = {isa = PBXFileReference; lastKnownFileType = sourcecode.swift; path = SearchManager.swift; sourceTree = "<group>"; };
		FAF00F9A2BE034E8009674E8 /* ArtistsCard.swift */ = {isa = PBXFileReference; lastKnownFileType = sourcecode.swift; path = ArtistsCard.swift; sourceTree = "<group>"; };
		FAF00F9E2BE03E11009674E8 /* NavigationManager.swift */ = {isa = PBXFileReference; lastKnownFileType = sourcecode.swift; path = NavigationManager.swift; sourceTree = "<group>"; };
		FAF00FA02BE05A28009674E8 /* ImageStyle.swift */ = {isa = PBXFileReference; lastKnownFileType = sourcecode.swift; path = ImageStyle.swift; sourceTree = "<group>"; };
		FAF00FA22BE06FE6009674E8 /* ArtistScreen.swift */ = {isa = PBXFileReference; lastKnownFileType = sourcecode.swift; path = ArtistScreen.swift; sourceTree = "<group>"; };
		FAF00FA52BE17297009674E8 /* UserResponse.swift */ = {isa = PBXFileReference; lastKnownFileType = sourcecode.swift; path = UserResponse.swift; sourceTree = "<group>"; };
		FAF00FA72BE173CF009674E8 /* Response.swift */ = {isa = PBXFileReference; lastKnownFileType = sourcecode.swift; path = Response.swift; sourceTree = "<group>"; };
		FAF00FAE2BE1B7A4009674E8 /* ArtistsContainer.xcdatamodel */ = {isa = PBXFileReference; lastKnownFileType = wrapper.xcdatamodel; path = ArtistsContainer.xcdatamodel; sourceTree = "<group>"; };
		FAF00FB02BE1B930009674E8 /* DatabaseManager.swift */ = {isa = PBXFileReference; lastKnownFileType = sourcecode.swift; path = DatabaseManager.swift; sourceTree = "<group>"; };
		FAF00FB42BE1BEB0009674E8 /* ArtistsDatabase.swift */ = {isa = PBXFileReference; lastKnownFileType = sourcecode.swift; path = ArtistsDatabase.swift; sourceTree = "<group>"; };
/* End PBXFileReference section */

/* Begin PBXFrameworksBuildPhase section */
		FAC1252B2BB5D91300323685 /* Frameworks */ = {
			isa = PBXFrameworksBuildPhase;
			buildActionMask = 2147483647;
			files = (
				FA73B0362BBCB305008E692A /* SpotifyiOS.framework in Frameworks */,
			);
			runOnlyForDeploymentPostprocessing = 0;
		};
/* End PBXFrameworksBuildPhase section */

/* Begin PBXGroup section */
		FA73B0382BBCB3E0008E692A /* Constants */ = {
			isa = PBXGroup;
			children = (
				FAA3832D2BBCA243001F93A7 /* Constants.swift */,
				FAF00F862BDB0F44009674E8 /* ColourConstants.swift */,
			);
			path = Constants;
			sourceTree = "<group>";
		};
		FA73B03F2BBD0EC3008E692A /* Managers */ = {
			isa = PBXGroup;
			children = (
				FA73B03B2BBCF512008E692A /* SpotifyManager.swift */,
				FAF00F982BE02D43009674E8 /* SearchManager.swift */,
				FAF00F9E2BE03E11009674E8 /* NavigationManager.swift */,
				FAF00FB02BE1B930009674E8 /* DatabaseManager.swift */,
			);
			path = Managers;
			sourceTree = "<group>";
		};
		FA73B0402BBD0EE2008E692A /* Views */ = {
			isa = PBXGroup;
			children = (
				FA73B03D2BBD0DDE008E692A /* LandingView.swift */,
				FAC125402BB5DCC100323685 /* Screens */,
				FA73B0412BBD0EF5008E692A /* Shared Views */,
			);
			path = Views;
			sourceTree = "<group>";
		};
		FA73B0412BBD0EF5008E692A /* Shared Views */ = {
			isa = PBXGroup;
			children = (
			);
			path = "Shared Views";
			sourceTree = "<group>";
		};
		FAA3833A2BBCADB0001F93A7 /* Frameworks */ = {
			isa = PBXGroup;
			children = (
				FAA383382BBCAD5E001F93A7 /* SpotifyiOS.framework */,
			);
			name = Frameworks;
			sourceTree = "<group>";
		};
		FAC125252BB5D91300323685 = {
			isa = PBXGroup;
			children = (
				FAC125302BB5D91300323685 /* YoshMusic */,
				FAA3833A2BBCADB0001F93A7 /* Frameworks */,
				FAF00F8D2BDB17D6009674E8 /* YoshMusic.app */,
			);
			sourceTree = "<group>";
		};
		FAC125302BB5D91300323685 /* YoshMusic */ = {
			isa = PBXGroup;
			children = (
				FAC1253F2BB5DA8400323685 /* App */,
				FA73B03F2BBD0EC3008E692A /* Managers */,
				FA73B0402BBD0EE2008E692A /* Views */,
				FAF00F7F2BDB0507009674E8 /* Models */,
				FAF00FA92BE1B6BD009674E8 /* Database */,
				FAF00F8A2BDB1680009674E8 /* Utils */,
			);
			path = YoshMusic;
			sourceTree = "<group>";
		};
		FAC125372BB5D91500323685 /* Preview Content */ = {
			isa = PBXGroup;
			children = (
				FAC125382BB5D91500323685 /* Preview Assets.xcassets */,
			);
			path = "Preview Content";
			sourceTree = "<group>";
		};
		FAC1253F2BB5DA8400323685 /* App */ = {
			isa = PBXGroup;
			children = (
				FAC125312BB5D91300323685 /* YoshMusicApp.swift */,
			);
			path = App;
			sourceTree = "<group>";
		};
		FAC125402BB5DCC100323685 /* Screens */ = {
			isa = PBXGroup;
			children = (
				FAF00FA42BE06FF4009674E8 /* Artist */,
				FAF00F832BDB0CE5009674E8 /* Home */,
				FAC125432BB5E41100323685 /* LoadingScreen.swift */,
			);
			path = Screens;
			sourceTree = "<group>";
		};
		FAF00F7F2BDB0507009674E8 /* Models */ = {
			isa = PBXGroup;
			children = (
				FAF00F802BDB0741009674E8 /* SpotifyModels */,
			);
			path = Models;
			sourceTree = "<group>";
		};
		FAF00F802BDB0741009674E8 /* SpotifyModels */ = {
			isa = PBXGroup;
			children = (
				FAF00FA72BE173CF009674E8 /* Response.swift */,
				FAF00F812BDB076C009674E8 /* ArtistResponse.swift */,
				FAF00F8E2BDB23BD009674E8 /* ErrorResponse.swift */,
				FAF00FA52BE17297009674E8 /* UserResponse.swift */,
			);
			path = SpotifyModels;
			sourceTree = "<group>";
		};
		FAF00F832BDB0CE5009674E8 /* Home */ = {
			isa = PBXGroup;
			children = (
				FAC125332BB5D91300323685 /* HomeScreen.swift */,
				FAF00F922BDB38D3009674E8 /* Sub Views */,
			);
			path = Home;
			sourceTree = "<group>";
		};
		FAF00F8A2BDB1680009674E8 /* Utils */ = {
			isa = PBXGroup;
			children = (
				FAA383332BBCA960001F93A7 /* YoshMusic-Bridging-Header.h */,
				FAC125352BB5D91500323685 /* Assets.xcassets */,
				FA73B0382BBCB3E0008E692A /* Constants */,
				FAC125372BB5D91500323685 /* Preview Content */,
				FAF00F8B2BDB16D3009674E8 /* FontStyle.swift */,
				FAF00FA02BE05A28009674E8 /* ImageStyle.swift */,
				FAF00F902BDB33A0009674E8 /* PrivacyInfo.xcprivacy */,
			);
			path = Utils;
			sourceTree = "<group>";
		};
		FAF00F922BDB38D3009674E8 /* Sub Views */ = {
			isa = PBXGroup;
			children = (
				FAF00F842BDB0D09009674E8 /* TopKeyboard.swift */,
				FAF00F9A2BE034E8009674E8 /* ArtistsCard.swift */,
			);
			path = "Sub Views";
			sourceTree = "<group>";
		};
		FAF00FA42BE06FF4009674E8 /* Artist */ = {
			isa = PBXGroup;
			children = (
				FAF00FA22BE06FE6009674E8 /* ArtistScreen.swift */,
			);
			path = Artist;
			sourceTree = "<group>";
		};
		FAF00FA92BE1B6BD009674E8 /* Database */ = {
			isa = PBXGroup;
			children = (
				FAF00FB32BE1BE6A009674E8 /* Models */,
				FAF00FB22BE1BE56009674E8 /* Containers */,
			);
			path = Database;
			sourceTree = "<group>";
		};
		FAF00FB22BE1BE56009674E8 /* Containers */ = {
			isa = PBXGroup;
			children = (
				FAF00FAD2BE1B7A4009674E8 /* ArtistsContainer.xcdatamodeld */,
			);
			path = Containers;
			sourceTree = "<group>";
		};
		FAF00FB32BE1BE6A009674E8 /* Models */ = {
			isa = PBXGroup;
			children = (
				FAF00FB42BE1BEB0009674E8 /* ArtistsDatabase.swift */,
			);
			path = Models;
			sourceTree = "<group>";
		};
/* End PBXGroup section */

/* Begin PBXNativeTarget section */
		FAC1252D2BB5D91300323685 /* YoshMusic */ = {
			isa = PBXNativeTarget;
			buildConfigurationList = FAC1253C2BB5D91500323685 /* Build configuration list for PBXNativeTarget "YoshMusic" */;
			buildPhases = (
				FAC1252A2BB5D91300323685 /* Sources */,
				FAC1252B2BB5D91300323685 /* Frameworks */,
				FAC1252C2BB5D91300323685 /* Resources */,
			);
			buildRules = (
			);
			dependencies = (
			);
			name = YoshMusic;
			productName = YoshMusic;
			productReference = FAF00F8D2BDB17D6009674E8 /* YoshMusic.app */;
			productType = "com.apple.product-type.application";
		};
/* End PBXNativeTarget section */

/* Begin PBXProject section */
		FAC125262BB5D91300323685 /* Project object */ = {
			isa = PBXProject;
			attributes = {
				BuildIndependentTargetsInParallel = 1;
				LastSwiftUpdateCheck = 1530;
				LastUpgradeCheck = 1530;
				TargetAttributes = {
					FAC1252D2BB5D91300323685 = {
						CreatedOnToolsVersion = 15.3;
						LastSwiftMigration = 1530;
					};
				};
			};
			buildConfigurationList = FAC125292BB5D91300323685 /* Build configuration list for PBXProject "YoshMusic" */;
			compatibilityVersion = "Xcode 14.0";
			developmentRegion = en;
			hasScannedForEncodings = 0;
			knownRegions = (
				en,
				Base,
			);
			mainGroup = FAC125252BB5D91300323685;
			productRefGroup = FAC125252BB5D91300323685;
			projectDirPath = "";
			projectRoot = "";
			targets = (
				FAC1252D2BB5D91300323685 /* YoshMusic */,
			);
		};
/* End PBXProject section */

/* Begin PBXResourcesBuildPhase section */
		FAC1252C2BB5D91300323685 /* Resources */ = {
			isa = PBXResourcesBuildPhase;
			buildActionMask = 2147483647;
			files = (
				FAC125392BB5D91500323685 /* Preview Assets.xcassets in Resources */,
				FAC125362BB5D91500323685 /* Assets.xcassets in Resources */,
			);
			runOnlyForDeploymentPostprocessing = 0;
		};
/* End PBXResourcesBuildPhase section */

/* Begin PBXSourcesBuildPhase section */
		FAC1252A2BB5D91300323685 /* Sources */ = {
			isa = PBXSourcesBuildPhase;
			buildActionMask = 2147483647;
			files = (
				FAF00F852BDB0D09009674E8 /* TopKeyboard.swift in Sources */,
				FAA3832E2BBCA243001F93A7 /* Constants.swift in Sources */,
				FA73B03C2BBCF512008E692A /* SpotifyManager.swift in Sources */,
				FAF00F992BE02D43009674E8 /* SearchManager.swift in Sources */,
				FAF00FA82BE173CF009674E8 /* Response.swift in Sources */,
				FAF00FA32BE06FE6009674E8 /* ArtistScreen.swift in Sources */,
				FAF00F8F2BDB23BD009674E8 /* ErrorResponse.swift in Sources */,
				FAF00F822BDB076C009674E8 /* ArtistResponse.swift in Sources */,
				FAF00FA62BE17297009674E8 /* UserResponse.swift in Sources */,
				FAF00FA12BE05A28009674E8 /* ImageStyle.swift in Sources */,
				FAF00F8C2BDB16D3009674E8 /* FontStyle.swift in Sources */,
				FA73B03E2BBD0DDE008E692A /* LandingView.swift in Sources */,
				FAF00FB12BE1B930009674E8 /* DatabaseManager.swift in Sources */,
				FAF00F9B2BE034E9009674E8 /* ArtistsCard.swift in Sources */,
				FAF00F9F2BE03E11009674E8 /* NavigationManager.swift in Sources */,
				FAC125342BB5D91300323685 /* HomeScreen.swift in Sources */,
				FAC125322BB5D91300323685 /* YoshMusicApp.swift in Sources */,
				FAF00F872BDB0F44009674E8 /* ColourConstants.swift in Sources */,
				FAF00FAF2BE1B7A4009674E8 /* ArtistsContainer.xcdatamodeld in Sources */,
				FAF00FB52BE1BEB0009674E8 /* ArtistsDatabase.swift in Sources */,
				FAC125442BB5E41100323685 /* LoadingScreen.swift in Sources */,
			);
			runOnlyForDeploymentPostprocessing = 0;
		};
/* End PBXSourcesBuildPhase section */

/* Begin XCBuildConfiguration section */
		FAC1253A2BB5D91500323685 /* Debug */ = {
			isa = XCBuildConfiguration;
			buildSettings = {
				ALWAYS_SEARCH_USER_PATHS = NO;
				ASSETCATALOG_COMPILER_GENERATE_SWIFT_ASSET_SYMBOL_EXTENSIONS = YES;
				CLANG_ANALYZER_NONNULL = YES;
				CLANG_ANALYZER_NUMBER_OBJECT_CONVERSION = YES_AGGRESSIVE;
				CLANG_CXX_LANGUAGE_STANDARD = "gnu++20";
				CLANG_ENABLE_MODULES = YES;
				CLANG_ENABLE_OBJC_ARC = YES;
				CLANG_ENABLE_OBJC_WEAK = YES;
				CLANG_WARN_BLOCK_CAPTURE_AUTORELEASING = YES;
				CLANG_WARN_BOOL_CONVERSION = YES;
				CLANG_WARN_COMMA = YES;
				CLANG_WARN_CONSTANT_CONVERSION = YES;
				CLANG_WARN_DEPRECATED_OBJC_IMPLEMENTATIONS = YES;
				CLANG_WARN_DIRECT_OBJC_ISA_USAGE = YES_ERROR;
				CLANG_WARN_DOCUMENTATION_COMMENTS = YES;
				CLANG_WARN_EMPTY_BODY = YES;
				CLANG_WARN_ENUM_CONVERSION = YES;
				CLANG_WARN_INFINITE_RECURSION = YES;
				CLANG_WARN_INT_CONVERSION = YES;
				CLANG_WARN_NON_LITERAL_NULL_CONVERSION = YES;
				CLANG_WARN_OBJC_IMPLICIT_RETAIN_SELF = YES;
				CLANG_WARN_OBJC_LITERAL_CONVERSION = YES;
				CLANG_WARN_OBJC_ROOT_CLASS = YES_ERROR;
				CLANG_WARN_QUOTED_INCLUDE_IN_FRAMEWORK_HEADER = YES;
				CLANG_WARN_RANGE_LOOP_ANALYSIS = YES;
				CLANG_WARN_STRICT_PROTOTYPES = YES;
				CLANG_WARN_SUSPICIOUS_MOVE = YES;
				CLANG_WARN_UNGUARDED_AVAILABILITY = YES_AGGRESSIVE;
				CLANG_WARN_UNREACHABLE_CODE = YES;
				CLANG_WARN__DUPLICATE_METHOD_MATCH = YES;
				COPY_PHASE_STRIP = NO;
				DEBUG_INFORMATION_FORMAT = dwarf;
				ENABLE_STRICT_OBJC_MSGSEND = YES;
				ENABLE_TESTABILITY = YES;
				ENABLE_USER_SCRIPT_SANDBOXING = YES;
				GCC_C_LANGUAGE_STANDARD = gnu17;
				GCC_DYNAMIC_NO_PIC = NO;
				GCC_NO_COMMON_BLOCKS = YES;
				GCC_OPTIMIZATION_LEVEL = 0;
				GCC_PREPROCESSOR_DEFINITIONS = (
					"DEBUG=1",
					"$(inherited)",
				);
				GCC_WARN_64_TO_32_BIT_CONVERSION = YES;
				GCC_WARN_ABOUT_RETURN_TYPE = YES_ERROR;
				GCC_WARN_UNDECLARED_SELECTOR = YES;
				GCC_WARN_UNINITIALIZED_AUTOS = YES_AGGRESSIVE;
				GCC_WARN_UNUSED_FUNCTION = YES;
				GCC_WARN_UNUSED_VARIABLE = YES;
				IPHONEOS_DEPLOYMENT_TARGET = 17.3;
				LOCALIZATION_PREFERS_STRING_CATALOGS = YES;
				MTL_ENABLE_DEBUG_INFO = INCLUDE_SOURCE;
				MTL_FAST_MATH = YES;
				ONLY_ACTIVE_ARCH = YES;
				SDKROOT = iphoneos;
				SWIFT_ACTIVE_COMPILATION_CONDITIONS = "DEBUG $(inherited)";
				SWIFT_OPTIMIZATION_LEVEL = "-Onone";
			};
			name = Debug;
		};
		FAC1253B2BB5D91500323685 /* Release */ = {
			isa = XCBuildConfiguration;
			buildSettings = {
				ALWAYS_SEARCH_USER_PATHS = NO;
				ASSETCATALOG_COMPILER_GENERATE_SWIFT_ASSET_SYMBOL_EXTENSIONS = YES;
				CLANG_ANALYZER_NONNULL = YES;
				CLANG_ANALYZER_NUMBER_OBJECT_CONVERSION = YES_AGGRESSIVE;
				CLANG_CXX_LANGUAGE_STANDARD = "gnu++20";
				CLANG_ENABLE_MODULES = YES;
				CLANG_ENABLE_OBJC_ARC = YES;
				CLANG_ENABLE_OBJC_WEAK = YES;
				CLANG_WARN_BLOCK_CAPTURE_AUTORELEASING = YES;
				CLANG_WARN_BOOL_CONVERSION = YES;
				CLANG_WARN_COMMA = YES;
				CLANG_WARN_CONSTANT_CONVERSION = YES;
				CLANG_WARN_DEPRECATED_OBJC_IMPLEMENTATIONS = YES;
				CLANG_WARN_DIRECT_OBJC_ISA_USAGE = YES_ERROR;
				CLANG_WARN_DOCUMENTATION_COMMENTS = YES;
				CLANG_WARN_EMPTY_BODY = YES;
				CLANG_WARN_ENUM_CONVERSION = YES;
				CLANG_WARN_INFINITE_RECURSION = YES;
				CLANG_WARN_INT_CONVERSION = YES;
				CLANG_WARN_NON_LITERAL_NULL_CONVERSION = YES;
				CLANG_WARN_OBJC_IMPLICIT_RETAIN_SELF = YES;
				CLANG_WARN_OBJC_LITERAL_CONVERSION = YES;
				CLANG_WARN_OBJC_ROOT_CLASS = YES_ERROR;
				CLANG_WARN_QUOTED_INCLUDE_IN_FRAMEWORK_HEADER = YES;
				CLANG_WARN_RANGE_LOOP_ANALYSIS = YES;
				CLANG_WARN_STRICT_PROTOTYPES = YES;
				CLANG_WARN_SUSPICIOUS_MOVE = YES;
				CLANG_WARN_UNGUARDED_AVAILABILITY = YES_AGGRESSIVE;
				CLANG_WARN_UNREACHABLE_CODE = YES;
				CLANG_WARN__DUPLICATE_METHOD_MATCH = YES;
				COPY_PHASE_STRIP = NO;
				DEBUG_INFORMATION_FORMAT = "dwarf-with-dsym";
				ENABLE_NS_ASSERTIONS = NO;
				ENABLE_STRICT_OBJC_MSGSEND = YES;
				ENABLE_USER_SCRIPT_SANDBOXING = YES;
				GCC_C_LANGUAGE_STANDARD = gnu17;
				GCC_NO_COMMON_BLOCKS = YES;
				GCC_WARN_64_TO_32_BIT_CONVERSION = YES;
				GCC_WARN_ABOUT_RETURN_TYPE = YES_ERROR;
				GCC_WARN_UNDECLARED_SELECTOR = YES;
				GCC_WARN_UNINITIALIZED_AUTOS = YES_AGGRESSIVE;
				GCC_WARN_UNUSED_FUNCTION = YES;
				GCC_WARN_UNUSED_VARIABLE = YES;
				IPHONEOS_DEPLOYMENT_TARGET = 17.3;
				LOCALIZATION_PREFERS_STRING_CATALOGS = YES;
				MTL_ENABLE_DEBUG_INFO = NO;
				MTL_FAST_MATH = YES;
				SDKROOT = iphoneos;
				SWIFT_COMPILATION_MODE = wholemodule;
				VALIDATE_PRODUCT = YES;
			};
			name = Release;
		};
		FAC1253D2BB5D91500323685 /* Debug */ = {
			isa = XCBuildConfiguration;
			buildSettings = {
				ASSETCATALOG_COMPILER_APPICON_NAME = AppIcon;
				ASSETCATALOG_COMPILER_GLOBAL_ACCENT_COLOR_NAME = AccentColor;
				CLANG_ENABLE_MODULES = YES;
				CODE_SIGN_IDENTITY = "Apple Development";
				CODE_SIGN_STYLE = Automatic;
				CURRENT_PROJECT_VERSION = 1;
				DEVELOPMENT_ASSET_PATHS = "\"YoshMusic/Utils/Preview Content\"";
				DEVELOPMENT_TEAM = 7YXLUPDYC9;
				ENABLE_PREVIEWS = YES;
				FRAMEWORK_SEARCH_PATHS = (
					"$(inherited)",
					"$(PROJECT_DIR)/YoshMusic/Preview\\ Content",
					"$(PROJECT_DIR)",
				);
				GENERATE_INFOPLIST_FILE = YES;
				INFOPLIST_FILE = YoshMusic/Utils/PrivacyInfo.xcprivacy;
				INFOPLIST_KEY_UIApplicationSceneManifest_Generation = YES;
				INFOPLIST_KEY_UIApplicationSupportsIndirectInputEvents = YES;
				INFOPLIST_KEY_UILaunchScreen_Generation = YES;
				INFOPLIST_KEY_UISupportedInterfaceOrientations = UIInterfaceOrientationPortrait;
				LD_RUNPATH_SEARCH_PATHS = (
					"$(inherited)",
					"@executable_path/Frameworks",
				);
				MARKETING_VERSION = 1.0;
				OTHER_LDFLAGS = "-ObjC";
				PRODUCT_BUNDLE_IDENTIFIER = Yosh.YoshMusic;
				PRODUCT_NAME = "$(TARGET_NAME)";
				PROVISIONING_PROFILE_SPECIFIER = "";
				SWIFT_EMIT_LOC_STRINGS = YES;
				SWIFT_OBJC_BRIDGING_HEADER = "YoshMusic/Utils/YoshMusic-Bridging-Header.h";
				SWIFT_OPTIMIZATION_LEVEL = "-Onone";
				SWIFT_VERSION = 5.0;
				TARGETED_DEVICE_FAMILY = "1,2";
			};
			name = Debug;
		};
		FAC1253E2BB5D91500323685 /* Release */ = {
			isa = XCBuildConfiguration;
			buildSettings = {
				ASSETCATALOG_COMPILER_APPICON_NAME = AppIcon;
				ASSETCATALOG_COMPILER_GLOBAL_ACCENT_COLOR_NAME = AccentColor;
				CLANG_ENABLE_MODULES = YES;
				CODE_SIGN_IDENTITY = "Apple Development";
				CODE_SIGN_STYLE = Automatic;
				CURRENT_PROJECT_VERSION = 1;
				DEVELOPMENT_ASSET_PATHS = "\"YoshMusic/Utils/Preview Content\"";
				DEVELOPMENT_TEAM = 7YXLUPDYC9;
				ENABLE_PREVIEWS = YES;
				FRAMEWORK_SEARCH_PATHS = (
					"$(inherited)",
					"$(PROJECT_DIR)/YoshMusic/Preview\\ Content",
					"$(PROJECT_DIR)",
				);
				GENERATE_INFOPLIST_FILE = YES;
				INFOPLIST_FILE = YoshMusic/Utils/PrivacyInfo.xcprivacy;
				INFOPLIST_KEY_UIApplicationSceneManifest_Generation = YES;
				INFOPLIST_KEY_UIApplicationSupportsIndirectInputEvents = YES;
				INFOPLIST_KEY_UILaunchScreen_Generation = YES;
				INFOPLIST_KEY_UISupportedInterfaceOrientations = UIInterfaceOrientationPortrait;
				LD_RUNPATH_SEARCH_PATHS = (
					"$(inherited)",
					"@executable_path/Frameworks",
				);
				MARKETING_VERSION = 1.0;
				OTHER_LDFLAGS = "-ObjC";
				PRODUCT_BUNDLE_IDENTIFIER = Yosh.YoshMusic;
				PRODUCT_NAME = "$(TARGET_NAME)";
				PROVISIONING_PROFILE_SPECIFIER = "";
				SWIFT_EMIT_LOC_STRINGS = YES;
				SWIFT_OBJC_BRIDGING_HEADER = "YoshMusic/Utils/YoshMusic-Bridging-Header.h";
				SWIFT_VERSION = 5.0;
				TARGETED_DEVICE_FAMILY = "1,2";
			};
			name = Release;
		};
/* End XCBuildConfiguration section */

/* Begin XCConfigurationList section */
		FAC125292BB5D91300323685 /* Build configuration list for PBXProject "YoshMusic" */ = {
			isa = XCConfigurationList;
			buildConfigurations = (
				FAC1253A2BB5D91500323685 /* Debug */,
				FAC1253B2BB5D91500323685 /* Release */,
			);
			defaultConfigurationIsVisible = 0;
			defaultConfigurationName = Release;
		};
		FAC1253C2BB5D91500323685 /* Build configuration list for PBXNativeTarget "YoshMusic" */ = {
			isa = XCConfigurationList;
			buildConfigurations = (
				FAC1253D2BB5D91500323685 /* Debug */,
				FAC1253E2BB5D91500323685 /* Release */,
			);
			defaultConfigurationIsVisible = 0;
			defaultConfigurationName = Release;
		};
/* End XCConfigurationList section */

/* Begin XCVersionGroup section */
		FAF00FAD2BE1B7A4009674E8 /* ArtistsContainer.xcdatamodeld */ = {
			isa = XCVersionGroup;
			children = (
				FAF00FAE2BE1B7A4009674E8 /* ArtistsContainer.xcdatamodel */,
			);
			currentVersion = FAF00FAE2BE1B7A4009674E8 /* ArtistsContainer.xcdatamodel */;
			path = ArtistsContainer.xcdatamodeld;
			sourceTree = "<group>";
			versionGroupType = wrapper.xcdatamodel;
		};
/* End XCVersionGroup section */
	};
	rootObject = FAC125262BB5D91300323685 /* Project object */;
}
